
Microsoft Visual Studio Solution File, Format Version 12.00
# Visual Studio Version 17
VisualStudioVersion = 17.13.35931.197 d17.13
MinimumVisualStudioVersion = 10.0.40219.1
Project("{FAE04EC0-301F-11D3-BF4B-00C04F79EFBC}") = "LeMarconnesGiteAPI", "LeMarconnesGiteAPI\LeMarconnesGiteAPI.csproj", "{87165AD1-8E14-4FF3-88C3-5C7ED705602E}"
EndProject
Global
	GlobalSection(SolutionConfigurationPlatforms) = preSolution
		Debug|Any CPU = Debug|Any CPU
		Release|Any CPU = Release|Any CPU
	EndGlobalSection
	GlobalSection(ProjectConfigurationPlatforms) = postSolution
		{87165AD1-8E14-4FF3-88C3-5C7ED705602E}.Debug|Any CPU.ActiveCfg = Debug|Any CPU
		{87165AD1-8E14-4FF3-88C3-5C7ED705602E}.Debug|Any CPU.Build.0 = Debug|Any CPU
		{87165AD1-8E14-4FF3-88C3-5C7ED705602E}.Release|Any CPU.ActiveCfg = Release|Any CPU
		{87165AD1-8E14-4FF3-88C3-5C7ED705602E}.Release|Any CPU.Build.0 = Release|Any CPU
	EndGlobalSection
	GlobalSection(SolutionProperties) = preSolution
		HideSolutionNode = FALSE
	EndGlobalSection
	GlobalSection(ExtensibilityGlobals) = postSolution
		SolutionGuid = {2D0310F5-08D2-4D8E-B91F-440DAB1E847A}
	EndGlobalSection
EndGlobal
